// !$*UTF8*$!
{
	archiveVersion = 1;
	classes = {
	};
	objectVersion = 56;
	objects = {

/* Begin PBXBuildFile section */
		76555ED129CCDBF700FA0E55 /* AppDelegate.swift in Sources */ = {isa = PBXBuildFile; fileRef = 76555ED029CCDBF700FA0E55 /* AppDelegate.swift */; };
		76555ED329CCDBF700FA0E55 /* SceneDelegate.swift in Sources */ = {isa = PBXBuildFile; fileRef = 76555ED229CCDBF700FA0E55 /* SceneDelegate.swift */; };
		76555ED529CCDBF700FA0E55 /* ViewController.swift in Sources */ = {isa = PBXBuildFile; fileRef = 76555ED429CCDBF700FA0E55 /* ViewController.swift */; };
		76555ED829CCDBF700FA0E55 /* Main.storyboard in Resources */ = {isa = PBXBuildFile; fileRef = 76555ED629CCDBF700FA0E55 /* Main.storyboard */; };
		76555EDA29CCDBF900FA0E55 /* Assets.xcassets in Resources */ = {isa = PBXBuildFile; fileRef = 76555ED929CCDBF900FA0E55 /* Assets.xcassets */; };
		76555EDD29CCDBF900FA0E55 /* LaunchScreen.storyboard in Resources */ = {isa = PBXBuildFile; fileRef = 76555EDB29CCDBF900FA0E55 /* LaunchScreen.storyboard */; };
		766CC29729CDCE0B006399BF /* MenuViewController.swift in Sources */ = {isa = PBXBuildFile; fileRef = 766CC29629CDCE0B006399BF /* MenuViewController.swift */; };
		766CC29A29CDDB7B006399BF /* MultipeerManager.swift in Sources */ = {isa = PBXBuildFile; fileRef = 766CC29929CDDB7B006399BF /* MultipeerManager.swift */; };
		766CC29D29CDE130006399BF /* MenuViewController+AdvertiserDelegate.swift in Sources */ = {isa = PBXBuildFile; fileRef = 766CC29C29CDE130006399BF /* MenuViewController+AdvertiserDelegate.swift */; };
		766CC29F29CDE3FD006399BF /* MenuViewController+BrowserDelegate.swift in Sources */ = {isa = PBXBuildFile; fileRef = 766CC29E29CDE3FD006399BF /* MenuViewController+BrowserDelegate.swift */; };
		766CC2A129CDEBE1006399BF /* Message.swift in Sources */ = {isa = PBXBuildFile; fileRef = 766CC2A029CDEBE1006399BF /* Message.swift */; };
		766CC2A329CDECE0006399BF /* MenuViewController+SessionDelegate.swift in Sources */ = {isa = PBXBuildFile; fileRef = 766CC2A229CDECE0006399BF /* MenuViewController+SessionDelegate.swift */; };
		766CC2A529CDEF19006399BF /* ViewController+SessionDelegate.swift in Sources */ = {isa = PBXBuildFile; fileRef = 766CC2A429CDEF19006399BF /* ViewController+SessionDelegate.swift */; };
/* End PBXBuildFile section */

/* Begin PBXFileReference section */
		76555ECD29CCDBF700FA0E55 /* MultipeerConnectivity101.app */ = {isa = PBXFileReference; explicitFileType = wrapper.application; includeInIndex = 0; path = MultipeerConnectivity101.app; sourceTree = BUILT_PRODUCTS_DIR; };
		76555ED029CCDBF700FA0E55 /* AppDelegate.swift */ = {isa = PBXFileReference; lastKnownFileType = sourcecode.swift; path = AppDelegate.swift; sourceTree = "<group>"; };
		76555ED229CCDBF700FA0E55 /* SceneDelegate.swift */ = {isa = PBXFileReference; lastKnownFileType = sourcecode.swift; path = SceneDelegate.swift; sourceTree = "<group>"; };
		76555ED429CCDBF700FA0E55 /* ViewController.swift */ = {isa = PBXFileReference; lastKnownFileType = sourcecode.swift; path = ViewController.swift; sourceTree = "<group>"; };
		76555ED729CCDBF700FA0E55 /* Base */ = {isa = PBXFileReference; lastKnownFileType = file.storyboard; name = Base; path = Base.lproj/Main.storyboard; sourceTree = "<group>"; };
		76555ED929CCDBF900FA0E55 /* Assets.xcassets */ = {isa = PBXFileReference; lastKnownFileType = folder.assetcatalog; path = Assets.xcassets; sourceTree = "<group>"; };
		76555EDC29CCDBF900FA0E55 /* Base */ = {isa = PBXFileReference; lastKnownFileType = file.storyboard; name = Base; path = Base.lproj/LaunchScreen.storyboard; sourceTree = "<group>"; };
		76555EDE29CCDBF900FA0E55 /* Info.plist */ = {isa = PBXFileReference; lastKnownFileType = text.plist.xml; path = Info.plist; sourceTree = "<group>"; };
		766CC29629CDCE0B006399BF /* MenuViewController.swift */ = {isa = PBXFileReference; lastKnownFileType = sourcecode.swift; path = MenuViewController.swift; sourceTree = "<group>"; };
		766CC29929CDDB7B006399BF /* MultipeerManager.swift */ = {isa = PBXFileReference; lastKnownFileType = sourcecode.swift; path = MultipeerManager.swift; sourceTree = "<group>"; };
		766CC29C29CDE130006399BF /* MenuViewController+AdvertiserDelegate.swift */ = {isa = PBXFileReference; lastKnownFileType = sourcecode.swift; path = "MenuViewController+AdvertiserDelegate.swift"; sourceTree = "<group>"; };
		766CC29E29CDE3FD006399BF /* MenuViewController+BrowserDelegate.swift */ = {isa = PBXFileReference; lastKnownFileType = sourcecode.swift; path = "MenuViewController+BrowserDelegate.swift"; sourceTree = "<group>"; };
		766CC2A029CDEBE1006399BF /* Message.swift */ = {isa = PBXFileReference; lastKnownFileType = sourcecode.swift; path = Message.swift; sourceTree = "<group>"; };
		766CC2A229CDECE0006399BF /* MenuViewController+SessionDelegate.swift */ = {isa = PBXFileReference; lastKnownFileType = sourcecode.swift; path = "MenuViewController+SessionDelegate.swift"; sourceTree = "<group>"; };
		766CC2A429CDEF19006399BF /* ViewController+SessionDelegate.swift */ = {isa = PBXFileReference; lastKnownFileType = sourcecode.swift; path = "ViewController+SessionDelegate.swift"; sourceTree = "<group>"; };
/* End PBXFileReference section */

/* Begin PBXFrameworksBuildPhase section */
		76555ECA29CCDBF700FA0E55 /* Frameworks */ = {
			isa = PBXFrameworksBuildPhase;
			buildActionMask = 2147483647;
			files = (
			);
			runOnlyForDeploymentPostprocessing = 0;
		};
/* End PBXFrameworksBuildPhase section */

/* Begin PBXGroup section */
		76555EC429CCDBF700FA0E55 = {
			isa = PBXGroup;
			children = (
				76555ECF29CCDBF700FA0E55 /* MultipeerConnectivity101 */,
				76555ECE29CCDBF700FA0E55 /* Products */,
			);
			sourceTree = "<group>";
		};
		76555ECE29CCDBF700FA0E55 /* Products */ = {
			isa = PBXGroup;
			children = (
				76555ECD29CCDBF700FA0E55 /* MultipeerConnectivity101.app */,
			);
			name = Products;
			sourceTree = "<group>";
		};
		76555ECF29CCDBF700FA0E55 /* MultipeerConnectivity101 */ = {
			isa = PBXGroup;
			children = (
				766CC29B29CDE116006399BF /* Delegates */,
				766CC29829CDDB70006399BF /* Manager */,
				766CC29329CCE711006399BF /* View */,
				766CC29229CCE70B006399BF /* Controller */,
				766CC29129CCE706006399BF /* Model */,
				76555ED929CCDBF900FA0E55 /* Assets.xcassets */,
				76555EDE29CCDBF900FA0E55 /* Info.plist */,
			);
			path = MultipeerConnectivity101;
			sourceTree = "<group>";
		};
		766CC29129CCE706006399BF /* Model */ = {
			isa = PBXGroup;
			children = (
				766CC2A029CDEBE1006399BF /* Message.swift */,
			);
			path = Model;
			sourceTree = "<group>";
		};
		766CC29229CCE70B006399BF /* Controller */ = {
			isa = PBXGroup;
			children = (
				76555ED429CCDBF700FA0E55 /* ViewController.swift */,
				76555ED029CCDBF700FA0E55 /* AppDelegate.swift */,
				76555ED229CCDBF700FA0E55 /* SceneDelegate.swift */,
				766CC29629CDCE0B006399BF /* MenuViewController.swift */,
			);
			path = Controller;
			sourceTree = "<group>";
		};
		766CC29329CCE711006399BF /* View */ = {
			isa = PBXGroup;
			children = (
				76555ED629CCDBF700FA0E55 /* Main.storyboard */,
				76555EDB29CCDBF900FA0E55 /* LaunchScreen.storyboard */,
			);
			path = View;
			sourceTree = "<group>";
		};
		766CC29829CDDB70006399BF /* Manager */ = {
			isa = PBXGroup;
			children = (
				766CC29929CDDB7B006399BF /* MultipeerManager.swift */,
			);
			path = Manager;
			sourceTree = "<group>";
		};
		766CC29B29CDE116006399BF /* Delegates */ = {
			isa = PBXGroup;
			children = (
				766CC29C29CDE130006399BF /* MenuViewController+AdvertiserDelegate.swift */,
				766CC29E29CDE3FD006399BF /* MenuViewController+BrowserDelegate.swift */,
				766CC2A229CDECE0006399BF /* MenuViewController+SessionDelegate.swift */,
				766CC2A429CDEF19006399BF /* ViewController+SessionDelegate.swift */,
			);
			path = Delegates;
			sourceTree = "<group>";
		};
/* End PBXGroup section */

/* Begin PBXNativeTarget section */
		76555ECC29CCDBF700FA0E55 /* MultipeerConnectivity101 */ = {
			isa = PBXNativeTarget;
			buildConfigurationList = 76555EE129CCDBF900FA0E55 /* Build configuration list for PBXNativeTarget "MultipeerConnectivity101" */;
			buildPhases = (
				76555EC929CCDBF700FA0E55 /* Sources */,
				76555ECA29CCDBF700FA0E55 /* Frameworks */,
				76555ECB29CCDBF700FA0E55 /* Resources */,
			);
			buildRules = (
			);
			dependencies = (
			);
			name = MultipeerConnectivity101;
			productName = MultipeerConnectivity101;
			productReference = 76555ECD29CCDBF700FA0E55 /* MultipeerConnectivity101.app */;
			productType = "com.apple.product-type.application";
		};
/* End PBXNativeTarget section */

/* Begin PBXProject section */
		76555EC529CCDBF700FA0E55 /* Project object */ = {
			isa = PBXProject;
			attributes = {
				BuildIndependentTargetsInParallel = 1;
				LastSwiftUpdateCheck = 1420;
				LastUpgradeCheck = 1420;
				TargetAttributes = {
					76555ECC29CCDBF700FA0E55 = {
						CreatedOnToolsVersion = 14.2;
					};
				};
			};
			buildConfigurationList = 76555EC829CCDBF700FA0E55 /* Build configuration list for PBXProject "MultipeerConnectivity101" */;
			compatibilityVersion = "Xcode 14.0";
			developmentRegion = en;
			hasScannedForEncodings = 0;
			knownRegions = (
				en,
				Base,
			);
			mainGroup = 76555EC429CCDBF700FA0E55;
			productRefGroup = 76555ECE29CCDBF700FA0E55 /* Products */;
			projectDirPath = "";
			projectRoot = "";
			targets = (
				76555ECC29CCDBF700FA0E55 /* MultipeerConnectivity101 */,
			);
		};
/* End PBXProject section */

/* Begin PBXResourcesBuildPhase section */
		76555ECB29CCDBF700FA0E55 /* Resources */ = {
			isa = PBXResourcesBuildPhase;
			buildActionMask = 2147483647;
			files = (
				76555EDD29CCDBF900FA0E55 /* LaunchScreen.storyboard in Resources */,
				76555EDA29CCDBF900FA0E55 /* Assets.xcassets in Resources */,
				76555ED829CCDBF700FA0E55 /* Main.storyboard in Resources */,
			);
			runOnlyForDeploymentPostprocessing = 0;
		};
/* End PBXResourcesBuildPhase section */

/* Begin PBXSourcesBuildPhase section */
		76555EC929CCDBF700FA0E55 /* Sources */ = {
			isa = PBXSourcesBuildPhase;
			buildActionMask = 2147483647;
			files = (
				766CC29F29CDE3FD006399BF /* MenuViewController+BrowserDelegate.swift in Sources */,
				766CC2A329CDECE0006399BF /* MenuViewController+SessionDelegate.swift in Sources */,
				76555ED529CCDBF700FA0E55 /* ViewController.swift in Sources */,
				76555ED129CCDBF700FA0E55 /* AppDelegate.swift in Sources */,
				766CC2A529CDEF19006399BF /* ViewController+SessionDelegate.swift in Sources */,
				766CC29A29CDDB7B006399BF /* MultipeerManager.swift in Sources */,
				76555ED329CCDBF700FA0E55 /* SceneDelegate.swift in Sources */,
				766CC2A129CDEBE1006399BF /* Message.swift in Sources */,
				766CC29729CDCE0B006399BF /* MenuViewController.swift in Sources */,
				766CC29D29CDE130006399BF /* MenuViewController+AdvertiserDelegate.swift in Sources */,
			);
			runOnlyForDeploymentPostprocessing = 0;
		};
/* End PBXSourcesBuildPhase section */

/* Begin PBXVariantGroup section */
		76555ED629CCDBF700FA0E55 /* Main.storyboard */ = {
			isa = PBXVariantGroup;
			children = (
				76555ED729CCDBF700FA0E55 /* Base */,
			);
			name = Main.storyboard;
			sourceTree = "<group>";
		};
		76555EDB29CCDBF900FA0E55 /* LaunchScreen.storyboard */ = {
			isa = PBXVariantGroup;
			children = (
				76555EDC29CCDBF900FA0E55 /* Base */,
			);
			name = LaunchScreen.storyboard;
			sourceTree = "<group>";
		};
/* End PBXVariantGroup section */

/* Begin XCBuildConfiguration section */
		76555EDF29CCDBF900FA0E55 /* Debug */ = {
			isa = XCBuildConfiguration;
			buildSettings = {
				ALWAYS_SEARCH_USER_PATHS = NO;
				CLANG_ANALYZER_NONNULL = YES;
				CLANG_ANALYZER_NUMBER_OBJECT_CONVERSION = YES_AGGRESSIVE;
				CLANG_CXX_LANGUAGE_STANDARD = "gnu++20";
				CLANG_ENABLE_MODULES = YES;
				CLANG_ENABLE_OBJC_ARC = YES;
				CLANG_ENABLE_OBJC_WEAK = YES;
				CLANG_WARN_BLOCK_CAPTURE_AUTORELEASING = YES;
				CLANG_WARN_BOOL_CONVERSION = YES;
				CLANG_WARN_COMMA = YES;
				CLANG_WARN_CONSTANT_CONVERSION = YES;
				CLANG_WARN_DEPRECATED_OBJC_IMPLEMENTATIONS = YES;
				CLANG_WARN_DIRECT_OBJC_ISA_USAGE = YES_ERROR;
				CLANG_WARN_DOCUMENTATION_COMMENTS = YES;
				CLANG_WARN_EMPTY_BODY = YES;
				CLANG_WARN_ENUM_CONVERSION = YES;
				CLANG_WARN_INFINITE_RECURSION = YES;
				CLANG_WARN_INT_CONVERSION = YES;
				CLANG_WARN_NON_LITERAL_NULL_CONVERSION = YES;
				CLANG_WARN_OBJC_IMPLICIT_RETAIN_SELF = YES;
				CLANG_WARN_OBJC_LITERAL_CONVERSION = YES;
				CLANG_WARN_OBJC_ROOT_CLASS = YES_ERROR;
				CLANG_WARN_QUOTED_INCLUDE_IN_FRAMEWORK_HEADER = YES;
				CLANG_WARN_RANGE_LOOP_ANALYSIS = YES;
				CLANG_WARN_STRICT_PROTOTYPES = YES;
				CLANG_WARN_SUSPICIOUS_MOVE = YES;
				CLANG_WARN_UNGUARDED_AVAILABILITY = YES_AGGRESSIVE;
				CLANG_WARN_UNREACHABLE_CODE = YES;
				CLANG_WARN__DUPLICATE_METHOD_MATCH = YES;
				COPY_PHASE_STRIP = NO;
				DEBUG_INFORMATION_FORMAT = dwarf;
				ENABLE_STRICT_OBJC_MSGSEND = YES;
				ENABLE_TESTABILITY = YES;
				GCC_C_LANGUAGE_STANDARD = gnu11;
				GCC_DYNAMIC_NO_PIC = NO;
				GCC_NO_COMMON_BLOCKS = YES;
				GCC_OPTIMIZATION_LEVEL = 0;
				GCC_PREPROCESSOR_DEFINITIONS = (
					"DEBUG=1",
					"$(inherited)",
				);
				GCC_WARN_64_TO_32_BIT_CONVERSION = YES;
				GCC_WARN_ABOUT_RETURN_TYPE = YES_ERROR;
				GCC_WARN_UNDECLARED_SELECTOR = YES;
				GCC_WARN_UNINITIALIZED_AUTOS = YES_AGGRESSIVE;
				GCC_WARN_UNUSED_FUNCTION = YES;
				GCC_WARN_UNUSED_VARIABLE = YES;
				IPHONEOS_DEPLOYMENT_TARGET = 16.2;
				MTL_ENABLE_DEBUG_INFO = INCLUDE_SOURCE;
				MTL_FAST_MATH = YES;
				ONLY_ACTIVE_ARCH = YES;
				SDKROOT = iphoneos;
				SWIFT_ACTIVE_COMPILATION_CONDITIONS = DEBUG;
				SWIFT_OPTIMIZATION_LEVEL = "-Onone";
			};
			name = Debug;
		};
		76555EE029CCDBF900FA0E55 /* Release */ = {
			isa = XCBuildConfiguration;
			buildSettings = {
				ALWAYS_SEARCH_USER_PATHS = NO;
				CLANG_ANALYZER_NONNULL = YES;
				CLANG_ANALYZER_NUMBER_OBJECT_CONVERSION = YES_AGGRESSIVE;
				CLANG_CXX_LANGUAGE_STANDARD = "gnu++20";
				CLANG_ENABLE_MODULES = YES;
				CLANG_ENABLE_OBJC_ARC = YES;
				CLANG_ENABLE_OBJC_WEAK = YES;
				CLANG_WARN_BLOCK_CAPTURE_AUTORELEASING = YES;
				CLANG_WARN_BOOL_CONVERSION = YES;
				CLANG_WARN_COMMA = YES;
				CLANG_WARN_CONSTANT_CONVERSION = YES;
				CLANG_WARN_DEPRECATED_OBJC_IMPLEMENTATIONS = YES;
				CLANG_WARN_DIRECT_OBJC_ISA_USAGE = YES_ERROR;
				CLANG_WARN_DOCUMENTATION_COMMENTS = YES;
				CLANG_WARN_EMPTY_BODY = YES;
				CLANG_WARN_ENUM_CONVERSION = YES;
				CLANG_WARN_INFINITE_RECURSION = YES;
				CLANG_WARN_INT_CONVERSION = YES;
				CLANG_WARN_NON_LITERAL_NULL_CONVERSION = YES;
				CLANG_WARN_OBJC_IMPLICIT_RETAIN_SELF = YES;
				CLANG_WARN_OBJC_LITERAL_CONVERSION = YES;
				CLANG_WARN_OBJC_ROOT_CLASS = YES_ERROR;
				CLANG_WARN_QUOTED_INCLUDE_IN_FRAMEWORK_HEADER = YES;
				CLANG_WARN_RANGE_LOOP_ANALYSIS = YES;
				CLANG_WARN_STRICT_PROTOTYPES = YES;
				CLANG_WARN_SUSPICIOUS_MOVE = YES;
				CLANG_WARN_UNGUARDED_AVAILABILITY = YES_AGGRESSIVE;
				CLANG_WARN_UNREACHABLE_CODE = YES;
				CLANG_WARN__DUPLICATE_METHOD_MATCH = YES;
				COPY_PHASE_STRIP = NO;
				DEBUG_INFORMATION_FORMAT = "dwarf-with-dsym";
				ENABLE_NS_ASSERTIONS = NO;
				ENABLE_STRICT_OBJC_MSGSEND = YES;
				GCC_C_LANGUAGE_STANDARD = gnu11;
				GCC_NO_COMMON_BLOCKS = YES;
				GCC_WARN_64_TO_32_BIT_CONVERSION = YES;
				GCC_WARN_ABOUT_RETURN_TYPE = YES_ERROR;
				GCC_WARN_UNDECLARED_SELECTOR = YES;
				GCC_WARN_UNINITIALIZED_AUTOS = YES_AGGRESSIVE;
				GCC_WARN_UNUSED_FUNCTION = YES;
				GCC_WARN_UNUSED_VARIABLE = YES;
				IPHONEOS_DEPLOYMENT_TARGET = 16.2;
				MTL_ENABLE_DEBUG_INFO = NO;
				MTL_FAST_MATH = YES;
				SDKROOT = iphoneos;
				SWIFT_COMPILATION_MODE = wholemodule;
				SWIFT_OPTIMIZATION_LEVEL = "-O";
				VALIDATE_PRODUCT = YES;
			};
			name = Release;
		};
		76555EE229CCDBF900FA0E55 /* Debug */ = {
			isa = XCBuildConfiguration;
			buildSettings = {
				ASSETCATALOG_COMPILER_APPICON_NAME = AppIcon;
				ASSETCATALOG_COMPILER_GLOBAL_ACCENT_COLOR_NAME = AccentColor;
				CODE_SIGN_STYLE = Automatic;
				CURRENT_PROJECT_VERSION = 1;
				DEVELOPMENT_TEAM = AYH9NYMQ3Y;
				GENERATE_INFOPLIST_FILE = YES;
				INFOPLIST_FILE = MultipeerConnectivity101/Info.plist;
				INFOPLIST_KEY_UIApplicationSupportsIndirectInputEvents = YES;
				INFOPLIST_KEY_UILaunchStoryboardName = LaunchScreen;
				INFOPLIST_KEY_UIMainStoryboardFile = Main;
				INFOPLIST_KEY_UISupportedInterfaceOrientations = UIInterfaceOrientationPortrait;
				INFOPLIST_KEY_UISupportedInterfaceOrientations_iPad = "UIInterfaceOrientationPortrait UIInterfaceOrientationPortraitUpsideDown";
				LD_RUNPATH_SEARCH_PATHS = (
					"$(inherited)",
					"@executable_path/Frameworks",
				);
				MARKETING_VERSION = 1.0;
				PRODUCT_BUNDLE_IDENTIFIER = br.com.academy.MultipeerConnectivity101;
				PRODUCT_NAME = "$(TARGET_NAME)";
				SWIFT_EMIT_LOC_STRINGS = YES;
				SWIFT_VERSION = 5.0;
				TARGETED_DEVICE_FAMILY = "1,2";
			};
			name = Debug;
		};
		76555EE329CCDBF900FA0E55 /* Release */ = {
			isa = XCBuildConfiguration;
			buildSettings = {
				ASSETCATALOG_COMPILER_APPICON_NAME = AppIcon;
				ASSETCATALOG_COMPILER_GLOBAL_ACCENT_COLOR_NAME = AccentColor;
				CODE_SIGN_STYLE = Automatic;
				CURRENT_PROJECT_VERSION = 1;
				DEVELOPMENT_TEAM = AYH9NYMQ3Y;
				GENERATE_INFOPLIST_FILE = YES;
				INFOPLIST_FILE = MultipeerConnectivity101/Info.plist;
				INFOPLIST_KEY_UIApplicationSupportsIndirectInputEvents = YES;
				INFOPLIST_KEY_UILaunchStoryboardName = LaunchScreen;
				INFOPLIST_KEY_UIMainStoryboardFile = Main;
				INFOPLIST_KEY_UISupportedInterfaceOrientations = UIInterfaceOrientationPortrait;
				INFOPLIST_KEY_UISupportedInterfaceOrientations_iPad = "UIInterfaceOrientationPortrait UIInterfaceOrientationPortraitUpsideDown";
				LD_RUNPATH_SEARCH_PATHS = (
					"$(inherited)",
					"@executable_path/Frameworks",
				);
				MARKETING_VERSION = 1.0;
				PRODUCT_BUNDLE_IDENTIFIER = br.com.academy.MultipeerConnectivity101;
				PRODUCT_NAME = "$(TARGET_NAME)";
				SWIFT_EMIT_LOC_STRINGS = YES;
				SWIFT_VERSION = 5.0;
				TARGETED_DEVICE_FAMILY = "1,2";
			};
			name = Release;
		};
/* End XCBuildConfiguration section */

/* Begin XCConfigurationList section */
		76555EC829CCDBF700FA0E55 /* Build configuration list for PBXProject "MultipeerConnectivity101" */ = {
			isa = XCConfigurationList;
			buildConfigurations = (
				76555EDF29CCDBF900FA0E55 /* Debug */,
				76555EE029CCDBF900FA0E55 /* Release */,
			);
			defaultConfigurationIsVisible = 0;
			defaultConfigurationName = Release;
		};
		76555EE129CCDBF900FA0E55 /* Build configuration list for PBXNativeTarget "MultipeerConnectivity101" */ = {
			isa = XCConfigurationList;
			buildConfigurations = (
				76555EE229CCDBF900FA0E55 /* Debug */,
				76555EE329CCDBF900FA0E55 /* Release */,
			);
			defaultConfigurationIsVisible = 0;
			defaultConfigurationName = Release;
		};
/* End XCConfigurationList section */
	};
	rootObject = 76555EC529CCDBF700FA0E55 /* Project object */;
}
